
Microsoft Visual Studio Solution File, Format Version 12.00
# Visual Studio Version 17
VisualStudioVersion = 17.11.35327.3
MinimumVisualStudioVersion = 10.0.40219.1
Project("{9A19103F-16F7-4668-BE54-9A1E7A4F7556}") = "PizzaStore", "PizzaStore.csproj", "{CC4F2EC5-9A89-4138-A3A6-37F3B8251963}"
EndProject
Global
	GlobalSection(SolutionConfigurationPlatforms) = preSolution
		Debug|Any CPU = Debug|Any CPU
		Release|Any CPU = Release|Any CPU
	EndGlobalSection
	GlobalSection(ProjectConfigurationPlatforms) = postSolution
		{CC4F2EC5-9A89-4138-A3A6-37F3B8251963}.Debug|Any CPU.ActiveCfg = Debug|Any CPU
		{CC4F2EC5-9A89-4138-A3A6-37F3B8251963}.Debug|Any CPU.Build.0 = Debug|Any CPU
		{CC4F2EC5-9A89-4138-A3A6-37F3B8251963}.Release|Any CPU.ActiveCfg = Release|Any CPU
		{CC4F2EC5-9A89-4138-A3A6-37F3B8251963}.Release|Any CPU.Build.0 = Release|Any CPU
	EndGlobalSection
	GlobalSection(SolutionProperties) = preSolution
		HideSolutionNode = FALSE
	EndGlobalSection
	GlobalSection(ExtensibilityGlobals) = postSolution
		SolutionGuid = {3B81DEBD-0292-4F5B-9253-96E0B7BF1557}
	EndGlobalSection
EndGlobal
